
Microsoft Visual Studio Solution File, Format Version 12.00
# Visual Studio Version 17
VisualStudioVersion = 17.2.32630.192
MinimumVisualStudioVersion = 10.0.40219.1
Project("{FAE04EC0-301F-11D3-BF4B-00C04F79EFBC}") = "emojikeyboard", "emojikeyboard\emojikeyboard.csproj", "{7557965E-74CE-4F2A-8BA5-F66433F8DB29}"
EndProject
Global
	GlobalSection(SolutionConfigurationPlatforms) = preSolution
		Debug|Any CPU = Debug|Any CPU
		Release|Any CPU = Release|Any CPU
	EndGlobalSection
	GlobalSection(ProjectConfigurationPlatforms) = postSolution
		{7557965E-74CE-4F2A-8BA5-F66433F8DB29}.Debug|Any CPU.ActiveCfg = Debug|Any CPU
		{7557965E-74CE-4F2A-8BA5-F66433F8DB29}.Debug|Any CPU.Build.0 = Debug|Any CPU
		{7557965E-74CE-4F2A-8BA5-F66433F8DB29}.Release|Any CPU.ActiveCfg = Release|Any CPU
		{7557965E-74CE-4F2A-8BA5-F66433F8DB29}.Release|Any CPU.Build.0 = Release|Any CPU
	EndGlobalSection
	GlobalSection(SolutionProperties) = preSolution
		HideSolutionNode = FALSE
	EndGlobalSection
	GlobalSection(ExtensibilityGlobals) = postSolution
		SolutionGuid = {92BD627E-8FAA-4463-B2FA-318C918A5FEC}
	EndGlobalSection
EndGlobal
